
Microsoft Visual Studio Solution File, Format Version 12.00
# Visual Studio Version 16
VisualStudioVersion = 16.0.31005.135
MinimumVisualStudioVersion = 10.0.40219.1
Project("{D954291E-2A0B-460D-934E-DC6B0785DB48}") = "UnoDosTres.Shared", "UnoDosTres\UnoDosTres.Shared\UnoDosTres.Shared.shproj", "{6279C845-92F8-4333-AB99-3D213163593C}"
EndProject
Project("{2150E333-8FDC-42A3-9474-1A3956D46DE8}") = "Platforms", "Platforms", "{DFF1315A-B4DA-4A11-BF30-FA76B89C51E3}"
EndProject
Project("{FAE04EC0-301F-11D3-BF4B-00C04F79EFBC}") = "UnoDosTres.Droid", "UnoDosTres\UnoDosTres.Droid\UnoDosTres.Droid.csproj", "{47F8D9BC-1E49-48D6-A28E-36E07F40EC22}"
EndProject
Project("{FAE04EC0-301F-11D3-BF4B-00C04F79EFBC}") = "UnoDosTres.iOS", "UnoDosTres\UnoDosTres.iOS\UnoDosTres.iOS.csproj", "{A0EF60F0-4530-4D1A-B82B-501A93316CA7}"
EndProject
Project("{FAE04EC0-301F-11D3-BF4B-00C04F79EFBC}") = "UnoDosTres.UWP", "UnoDosTres\UnoDosTres.UWP\UnoDosTres.UWP.csproj", "{5445DDCF-9739-41DC-897F-5EBFD56A0739}"
EndProject
Project("{FAE04EC0-301F-11D3-BF4B-00C04F79EFBC}") = "UnoDosTres.Wasm", "UnoDosTres\UnoDosTres.Wasm\UnoDosTres.Wasm.csproj", "{DB6AF4AC-69C1-404A-A4AA-2987CD43CA56}"
EndProject
Project("{FAE04EC0-301F-11D3-BF4B-00C04F79EFBC}") = "UnoDosTres.macOS", "UnoDosTres\UnoDosTres.macOS\UnoDosTres.macOS.csproj", "{21BAD8EA-38ED-45A2-A4E5-3ABC9BEF1AF1}"
EndProject
Project("{FAE04EC0-301F-11D3-BF4B-00C04F79EFBC}") = "UnoDosTres.Skia.Wpf.Host", "UnoDosTres\UnoDosTres.Skia.Wpf.Host\UnoDosTres.Skia.Wpf.Host.csproj", "{2FD67BCB-0C4F-4902-8B46-9197F39C2FFE}"
EndProject
Project("{FAE04EC0-301F-11D3-BF4B-00C04F79EFBC}") = "UnoDosTres.Skia.Wpf", "UnoDosTres\UnoDosTres.Skia.Wpf\UnoDosTres.Skia.Wpf.csproj", "{A99B3DE7-4FB3-41FF-A827-EE02BC1B1CE2}"
EndProject
Project("{FAE04EC0-301F-11D3-BF4B-00C04F79EFBC}") = "UnoDosTres.Skia.Gtk", "UnoDosTres\UnoDosTres.Skia.Gtk\UnoDosTres.Skia.Gtk.csproj", "{A7EA85B4-E759-49BC-973B-56214BEC833F}"
EndProject
Project("{FAE04EC0-301F-11D3-BF4B-00C04F79EFBC}") = "UnoDosTres.Skia.Tizen", "UnoDosTres\UnoDosTres.Skia.Tizen\UnoDosTres.Skia.Tizen.csproj", "{FE1DF85E-FB3A-4555-86C7-14F6D840E6F8}"
EndProject
Global
	GlobalSection(SharedMSBuildProjectFiles) = preSolution
		UnoDosTres\UnoDosTres.Shared\UnoDosTres.Shared.projitems*{21bad8ea-38ed-45a2-a4e5-3abc9bef1af1}*SharedItemsImports = 4
		UnoDosTres\UnoDosTres.Shared\UnoDosTres.Shared.projitems*{47f8d9bc-1e49-48d6-a28e-36e07f40ec22}*SharedItemsImports = 4
		UnoDosTres\UnoDosTres.Shared\UnoDosTres.Shared.projitems*{5445ddcf-9739-41dc-897f-5ebfd56a0739}*SharedItemsImports = 4
		UnoDosTres\UnoDosTres.Shared\UnoDosTres.Shared.projitems*{6279c845-92f8-4333-ab99-3d213163593c}*SharedItemsImports = 13
		UnoDosTres\UnoDosTres.Shared\UnoDosTres.Shared.projitems*{a0ef60f0-4530-4d1a-b82b-501a93316ca7}*SharedItemsImports = 4
		UnoDosTres\UnoDosTres.Shared\UnoDosTres.Shared.projitems*{a7ea85b4-e759-49bc-973b-56214bec833f}*SharedItemsImports = 5
		UnoDosTres\UnoDosTres.Shared\UnoDosTres.Shared.projitems*{a99b3de7-4fb3-41ff-a827-ee02bc1b1ce2}*SharedItemsImports = 5
		UnoDosTres\UnoDosTres.Shared\UnoDosTres.Shared.projitems*{db6af4ac-69c1-404a-a4aa-2987cd43ca56}*SharedItemsImports = 5
		UnoDosTres\UnoDosTres.Shared\UnoDosTres.Shared.projitems*{fe1df85e-fb3a-4555-86c7-14f6d840e6f8}*SharedItemsImports = 5
	EndGlobalSection
	GlobalSection(SolutionConfigurationPlatforms) = preSolution
		Ad-Hoc|Any CPU = Ad-Hoc|Any CPU
		Ad-Hoc|ARM = Ad-Hoc|ARM
		Ad-Hoc|ARM64 = Ad-Hoc|ARM64
		Ad-Hoc|iPhone = Ad-Hoc|iPhone
		Ad-Hoc|iPhoneSimulator = Ad-Hoc|iPhoneSimulator
		Ad-Hoc|x64 = Ad-Hoc|x64
		Ad-Hoc|x86 = Ad-Hoc|x86
		AppStore|Any CPU = AppStore|Any CPU
		AppStore|ARM = AppStore|ARM
		AppStore|ARM64 = AppStore|ARM64
		AppStore|iPhone = AppStore|iPhone
		AppStore|iPhoneSimulator = AppStore|iPhoneSimulator
		AppStore|x64 = AppStore|x64
		AppStore|x86 = AppStore|x86
		Debug|Any CPU = Debug|Any CPU
		Debug|ARM = Debug|ARM
		Debug|ARM64 = Debug|ARM64
		Debug|iPhone = Debug|iPhone
		Debug|iPhoneSimulator = Debug|iPhoneSimulator
		Debug|x64 = Debug|x64
		Debug|x86 = Debug|x86
		Release|Any CPU = Release|Any CPU
		Release|ARM = Release|ARM
		Release|ARM64 = Release|ARM64
		Release|iPhone = Release|iPhone
		Release|iPhoneSimulator = Release|iPhoneSimulator
		Release|x64 = Release|x64
		Release|x86 = Release|x86
	EndGlobalSection
	GlobalSection(ProjectConfigurationPlatforms) = postSolution
		{47F8D9BC-1E49-48D6-A28E-36E07F40EC22}.Ad-Hoc|Any CPU.ActiveCfg = Debug|Any CPU
		{47F8D9BC-1E49-48D6-A28E-36E07F40EC22}.Ad-Hoc|Any CPU.Build.0 = Debug|Any CPU
		{47F8D9BC-1E49-48D6-A28E-36E07F40EC22}.Ad-Hoc|Any CPU.Deploy.0 = Debug|Any CPU
		{47F8D9BC-1E49-48D6-A28E-36E07F40EC22}.Ad-Hoc|ARM.ActiveCfg = Debug|Any CPU
		{47F8D9BC-1E49-48D6-A28E-36E07F40EC22}.Ad-Hoc|ARM.Build.0 = Debug|Any CPU
		{47F8D9BC-1E49-48D6-A28E-36E07F40EC22}.Ad-Hoc|ARM.Deploy.0 = Debug|Any CPU
		{47F8D9BC-1E49-48D6-A28E-36E07F40EC22}.Ad-Hoc|ARM64.ActiveCfg = Debug|Any CPU
		{47F8D9BC-1E49-48D6-A28E-36E07F40EC22}.Ad-Hoc|ARM64.Build.0 = Debug|Any CPU
		{47F8D9BC-1E49-48D6-A28E-36E07F40EC22}.Ad-Hoc|ARM64.Deploy.0 = Debug|Any CPU
		{47F8D9BC-1E49-48D6-A28E-36E07F40EC22}.Ad-Hoc|iPhone.ActiveCfg = Debug|Any CPU
		{47F8D9BC-1E49-48D6-A28E-36E07F40EC22}.Ad-Hoc|iPhone.Build.0 = Debug|Any CPU
		{47F8D9BC-1E49-48D6-A28E-36E07F40EC22}.Ad-Hoc|iPhone.Deploy.0 = Debug|Any CPU
		{47F8D9BC-1E49-48D6-A28E-36E07F40EC22}.Ad-Hoc|iPhoneSimulator.ActiveCfg = Debug|Any CPU
		{47F8D9BC-1E49-48D6-A28E-36E07F40EC22}.Ad-Hoc|iPhoneSimulator.Build.0 = Debug|Any CPU
		{47F8D9BC-1E49-48D6-A28E-36E07F40EC22}.Ad-Hoc|iPhoneSimulator.Deploy.0 = Debug|Any CPU
		{47F8D9BC-1E49-48D6-A28E-36E07F40EC22}.Ad-Hoc|x64.ActiveCfg = Debug|Any CPU
		{47F8D9BC-1E49-48D6-A28E-36E07F40EC22}.Ad-Hoc|x64.Build.0 = Debug|Any CPU
		{47F8D9BC-1E49-48D6-A28E-36E07F40EC22}.Ad-Hoc|x64.Deploy.0 = Debug|Any CPU
		{47F8D9BC-1E49-48D6-A28E-36E07F40EC22}.Ad-Hoc|x86.ActiveCfg = Debug|Any CPU
		{47F8D9BC-1E49-48D6-A28E-36E07F40EC22}.Ad-Hoc|x86.Build.0 = Debug|Any CPU
		{47F8D9BC-1E49-48D6-A28E-36E07F40EC22}.Ad-Hoc|x86.Deploy.0 = Debug|Any CPU
		{47F8D9BC-1E49-48D6-A28E-36E07F40EC22}.AppStore|Any CPU.ActiveCfg = Debug|Any CPU
		{47F8D9BC-1E49-48D6-A28E-36E07F40EC22}.AppStore|Any CPU.Build.0 = Debug|Any CPU
		{47F8D9BC-1E49-48D6-A28E-36E07F40EC22}.AppStore|Any CPU.Deploy.0 = Debug|Any CPU
		{47F8D9BC-1E49-48D6-A28E-36E07F40EC22}.AppStore|ARM.ActiveCfg = Debug|Any CPU
		{47F8D9BC-1E49-48D6-A28E-36E07F40EC22}.AppStore|ARM.Build.0 = Debug|Any CPU
		{47F8D9BC-1E49-48D6-A28E-36E07F40EC22}.AppStore|ARM.Deploy.0 = Debug|Any CPU
		{47F8D9BC-1E49-48D6-A28E-36E07F40EC22}.AppStore|ARM64.ActiveCfg = Debug|Any CPU
		{47F8D9BC-1E49-48D6-A28E-36E07F40EC22}.AppStore|ARM64.Build.0 = Debug|Any CPU
		{47F8D9BC-1E49-48D6-A28E-36E07F40EC22}.AppStore|ARM64.Deploy.0 = Debug|Any CPU
		{47F8D9BC-1E49-48D6-A28E-36E07F40EC22}.AppStore|iPhone.ActiveCfg = Debug|Any CPU
		{47F8D9BC-1E49-48D6-A28E-36E07F40EC22}.AppStore|iPhone.Build.0 = Debug|Any CPU
		{47F8D9BC-1E49-48D6-A28E-36E07F40EC22}.AppStore|iPhone.Deploy.0 = Debug|Any CPU
		{47F8D9BC-1E49-48D6-A28E-36E07F40EC22}.AppStore|iPhoneSimulator.ActiveCfg = Debug|Any CPU
		{47F8D9BC-1E49-48D6-A28E-36E07F40EC22}.AppStore|iPhoneSimulator.Build.0 = Debug|Any CPU
		{47F8D9BC-1E49-48D6-A28E-36E07F40EC22}.AppStore|iPhoneSimulator.Deploy.0 = Debug|Any CPU
		{47F8D9BC-1E49-48D6-A28E-36E07F40EC22}.AppStore|x64.ActiveCfg = Debug|Any CPU
		{47F8D9BC-1E49-48D6-A28E-36E07F40EC22}.AppStore|x64.Build.0 = Debug|Any CPU
		{47F8D9BC-1E49-48D6-A28E-36E07F40EC22}.AppStore|x64.Deploy.0 = Debug|Any CPU
		{47F8D9BC-1E49-48D6-A28E-36E07F40EC22}.AppStore|x86.ActiveCfg = Debug|Any CPU
		{47F8D9BC-1E49-48D6-A28E-36E07F40EC22}.AppStore|x86.Build.0 = Debug|Any CPU
		{47F8D9BC-1E49-48D6-A28E-36E07F40EC22}.AppStore|x86.Deploy.0 = Debug|Any CPU
		{47F8D9BC-1E49-48D6-A28E-36E07F40EC22}.Debug|Any CPU.ActiveCfg = Debug|Any CPU
		{47F8D9BC-1E49-48D6-A28E-36E07F40EC22}.Debug|Any CPU.Build.0 = Debug|Any CPU
		{47F8D9BC-1E49-48D6-A28E-36E07F40EC22}.Debug|Any CPU.Deploy.0 = Debug|Any CPU
		{47F8D9BC-1E49-48D6-A28E-36E07F40EC22}.Debug|ARM.ActiveCfg = Debug|Any CPU
		{47F8D9BC-1E49-48D6-A28E-36E07F40EC22}.Debug|ARM.Build.0 = Debug|Any CPU
		{47F8D9BC-1E49-48D6-A28E-36E07F40EC22}.Debug|ARM.Deploy.0 = Debug|Any CPU
		{47F8D9BC-1E49-48D6-A28E-36E07F40EC22}.Debug|ARM64.ActiveCfg = Debug|Any CPU
		{47F8D9BC-1E49-48D6-A28E-36E07F40EC22}.Debug|ARM64.Build.0 = Debug|Any CPU
		{47F8D9BC-1E49-48D6-A28E-36E07F40EC22}.Debug|ARM64.Deploy.0 = Debug|Any CPU
		{47F8D9BC-1E49-48D6-A28E-36E07F40EC22}.Debug|iPhone.ActiveCfg = Debug|Any CPU
		{47F8D9BC-1E49-48D6-A28E-36E07F40EC22}.Debug|iPhone.Build.0 = Debug|Any CPU
		{47F8D9BC-1E49-48D6-A28E-36E07F40EC22}.Debug|iPhone.Deploy.0 = Debug|Any CPU
		{47F8D9BC-1E49-48D6-A28E-36E07F40EC22}.Debug|iPhoneSimulator.ActiveCfg = Debug|Any CPU
		{47F8D9BC-1E49-48D6-A28E-36E07F40EC22}.Debug|iPhoneSimulator.Build.0 = Debug|Any CPU
		{47F8D9BC-1E49-48D6-A28E-36E07F40EC22}.Debug|iPhoneSimulator.Deploy.0 = Debug|Any CPU
		{47F8D9BC-1E49-48D6-A28E-36E07F40EC22}.Debug|x64.ActiveCfg = Debug|Any CPU
		{47F8D9BC-1E49-48D6-A28E-36E07F40EC22}.Debug|x64.Build.0 = Debug|Any CPU
		{47F8D9BC-1E49-48D6-A28E-36E07F40EC22}.Debug|x64.Deploy.0 = Debug|Any CPU
		{47F8D9BC-1E49-48D6-A28E-36E07F40EC22}.Debug|x86.ActiveCfg = Debug|Any CPU
		{47F8D9BC-1E49-48D6-A28E-36E07F40EC22}.Debug|x86.Build.0 = Debug|Any CPU
		{47F8D9BC-1E49-48D6-A28E-36E07F40EC22}.Debug|x86.Deploy.0 = Debug|Any CPU
		{47F8D9BC-1E49-48D6-A28E-36E07F40EC22}.Release|Any CPU.ActiveCfg = Release|Any CPU
		{47F8D9BC-1E49-48D6-A28E-36E07F40EC22}.Release|Any CPU.Build.0 = Release|Any CPU
		{47F8D9BC-1E49-48D6-A28E-36E07F40EC22}.Release|Any CPU.Deploy.0 = Release|Any CPU
		{47F8D9BC-1E49-48D6-A28E-36E07F40EC22}.Release|ARM.ActiveCfg = Release|Any CPU
		{47F8D9BC-1E49-48D6-A28E-36E07F40EC22}.Release|ARM.Build.0 = Release|Any CPU
		{47F8D9BC-1E49-48D6-A28E-36E07F40EC22}.Release|ARM.Deploy.0 = Release|Any CPU
		{47F8D9BC-1E49-48D6-A28E-36E07F40EC22}.Release|ARM64.ActiveCfg = Release|Any CPU
		{47F8D9BC-1E49-48D6-A28E-36E07F40EC22}.Release|ARM64.Build.0 = Release|Any CPU
		{47F8D9BC-1E49-48D6-A28E-36E07F40EC22}.Release|ARM64.Deploy.0 = Release|Any CPU
		{47F8D9BC-1E49-48D6-A28E-36E07F40EC22}.Release|iPhone.ActiveCfg = Release|Any CPU
		{47F8D9BC-1E49-48D6-A28E-36E07F40EC22}.Release|iPhone.Build.0 = Release|Any CPU
		{47F8D9BC-1E49-48D6-A28E-36E07F40EC22}.Release|iPhone.Deploy.0 = Release|Any CPU
		{47F8D9BC-1E49-48D6-A28E-36E07F40EC22}.Release|iPhoneSimulator.ActiveCfg = Release|Any CPU
		{47F8D9BC-1E49-48D6-A28E-36E07F40EC22}.Release|iPhoneSimulator.Build.0 = Release|Any CPU
		{47F8D9BC-1E49-48D6-A28E-36E07F40EC22}.Release|iPhoneSimulator.Deploy.0 = Release|Any CPU
		{47F8D9BC-1E49-48D6-A28E-36E07F40EC22}.Release|x64.ActiveCfg = Release|Any CPU
		{47F8D9BC-1E49-48D6-A28E-36E07F40EC22}.Release|x64.Build.0 = Release|Any CPU
		{47F8D9BC-1E49-48D6-A28E-36E07F40EC22}.Release|x64.Deploy.0 = Release|Any CPU
		{47F8D9BC-1E49-48D6-A28E-36E07F40EC22}.Release|x86.ActiveCfg = Release|Any CPU
		{47F8D9BC-1E49-48D6-A28E-36E07F40EC22}.Release|x86.Build.0 = Release|Any CPU
		{47F8D9BC-1E49-48D6-A28E-36E07F40EC22}.Release|x86.Deploy.0 = Release|Any CPU
		{A0EF60F0-4530-4D1A-B82B-501A93316CA7}.Ad-Hoc|Any CPU.ActiveCfg = Ad-Hoc|iPhoneSimulator
		{A0EF60F0-4530-4D1A-B82B-501A93316CA7}.Ad-Hoc|ARM.ActiveCfg = Ad-Hoc|iPhoneSimulator
		{A0EF60F0-4530-4D1A-B82B-501A93316CA7}.Ad-Hoc|ARM64.ActiveCfg = Ad-Hoc|iPhoneSimulator
		{A0EF60F0-4530-4D1A-B82B-501A93316CA7}.Ad-Hoc|iPhone.ActiveCfg = Ad-Hoc|iPhone
		{A0EF60F0-4530-4D1A-B82B-501A93316CA7}.Ad-Hoc|iPhone.Build.0 = Ad-Hoc|iPhone
		{A0EF60F0-4530-4D1A-B82B-501A93316CA7}.Ad-Hoc|iPhoneSimulator.ActiveCfg = Ad-Hoc|iPhoneSimulator
		{A0EF60F0-4530-4D1A-B82B-501A93316CA7}.Ad-Hoc|iPhoneSimulator.Build.0 = Ad-Hoc|iPhoneSimulator
		{A0EF60F0-4530-4D1A-B82B-501A93316CA7}.Ad-Hoc|x64.ActiveCfg = Ad-Hoc|iPhoneSimulator
		{A0EF60F0-4530-4D1A-B82B-501A93316CA7}.Ad-Hoc|x86.ActiveCfg = Ad-Hoc|iPhoneSimulator
		{A0EF60F0-4530-4D1A-B82B-501A93316CA7}.AppStore|Any CPU.ActiveCfg = AppStore|iPhoneSimulator
		{A0EF60F0-4530-4D1A-B82B-501A93316CA7}.AppStore|ARM.ActiveCfg = AppStore|iPhoneSimulator
		{A0EF60F0-4530-4D1A-B82B-501A93316CA7}.AppStore|ARM64.ActiveCfg = AppStore|iPhoneSimulator
		{A0EF60F0-4530-4D1A-B82B-501A93316CA7}.AppStore|iPhone.ActiveCfg = AppStore|iPhone
		{A0EF60F0-4530-4D1A-B82B-501A93316CA7}.AppStore|iPhone.Build.0 = AppStore|iPhone
		{A0EF60F0-4530-4D1A-B82B-501A93316CA7}.AppStore|iPhoneSimulator.ActiveCfg = AppStore|iPhoneSimulator
		{A0EF60F0-4530-4D1A-B82B-501A93316CA7}.AppStore|iPhoneSimulator.Build.0 = AppStore|iPhoneSimulator
		{A0EF60F0-4530-4D1A-B82B-501A93316CA7}.AppStore|x64.ActiveCfg = AppStore|iPhoneSimulator
		{A0EF60F0-4530-4D1A-B82B-501A93316CA7}.AppStore|x86.ActiveCfg = AppStore|iPhoneSimulator
		{A0EF60F0-4530-4D1A-B82B-501A93316CA7}.Debug|Any CPU.ActiveCfg = Debug|iPhoneSimulator
		{A0EF60F0-4530-4D1A-B82B-501A93316CA7}.Debug|ARM.ActiveCfg = Debug|iPhoneSimulator
		{A0EF60F0-4530-4D1A-B82B-501A93316CA7}.Debug|ARM64.ActiveCfg = Debug|iPhoneSimulator
		{A0EF60F0-4530-4D1A-B82B-501A93316CA7}.Debug|iPhone.ActiveCfg = Debug|iPhone
		{A0EF60F0-4530-4D1A-B82B-501A93316CA7}.Debug|iPhone.Build.0 = Debug|iPhone
		{A0EF60F0-4530-4D1A-B82B-501A93316CA7}.Debug|iPhoneSimulator.ActiveCfg = Debug|iPhoneSimulator
		{A0EF60F0-4530-4D1A-B82B-501A93316CA7}.Debug|iPhoneSimulator.Build.0 = Debug|iPhoneSimulator
		{A0EF60F0-4530-4D1A-B82B-501A93316CA7}.Debug|x64.ActiveCfg = Debug|iPhoneSimulator
		{A0EF60F0-4530-4D1A-B82B-501A93316CA7}.Debug|x86.ActiveCfg = Debug|iPhoneSimulator
		{A0EF60F0-4530-4D1A-B82B-501A93316CA7}.Release|Any CPU.ActiveCfg = Release|iPhoneSimulator
		{A0EF60F0-4530-4D1A-B82B-501A93316CA7}.Release|ARM.ActiveCfg = Release|iPhoneSimulator
		{A0EF60F0-4530-4D1A-B82B-501A93316CA7}.Release|ARM64.ActiveCfg = Release|iPhoneSimulator
		{A0EF60F0-4530-4D1A-B82B-501A93316CA7}.Release|iPhone.ActiveCfg = Release|iPhone
		{A0EF60F0-4530-4D1A-B82B-501A93316CA7}.Release|iPhone.Build.0 = Release|iPhone
		{A0EF60F0-4530-4D1A-B82B-501A93316CA7}.Release|iPhoneSimulator.ActiveCfg = Release|iPhoneSimulator
		{A0EF60F0-4530-4D1A-B82B-501A93316CA7}.Release|iPhoneSimulator.Build.0 = Release|iPhoneSimulator
		{A0EF60F0-4530-4D1A-B82B-501A93316CA7}.Release|x64.ActiveCfg = Release|iPhoneSimulator
		{A0EF60F0-4530-4D1A-B82B-501A93316CA7}.Release|x86.ActiveCfg = Release|iPhoneSimulator
		{5445DDCF-9739-41DC-897F-5EBFD56A0739}.Ad-Hoc|Any CPU.ActiveCfg = Debug|x86
		{5445DDCF-9739-41DC-897F-5EBFD56A0739}.Ad-Hoc|Any CPU.Build.0 = Debug|x86
		{5445DDCF-9739-41DC-897F-5EBFD56A0739}.Ad-Hoc|Any CPU.Deploy.0 = Debug|x86
		{5445DDCF-9739-41DC-897F-5EBFD56A0739}.Ad-Hoc|ARM.ActiveCfg = Debug|ARM
		{5445DDCF-9739-41DC-897F-5EBFD56A0739}.Ad-Hoc|ARM.Build.0 = Debug|ARM
		{5445DDCF-9739-41DC-897F-5EBFD56A0739}.Ad-Hoc|ARM.Deploy.0 = Debug|ARM
		{5445DDCF-9739-41DC-897F-5EBFD56A0739}.Ad-Hoc|ARM64.ActiveCfg = Debug|ARM64
		{5445DDCF-9739-41DC-897F-5EBFD56A0739}.Ad-Hoc|ARM64.Build.0 = Debug|ARM64
		{5445DDCF-9739-41DC-897F-5EBFD56A0739}.Ad-Hoc|ARM64.Deploy.0 = Debug|ARM64
		{5445DDCF-9739-41DC-897F-5EBFD56A0739}.Ad-Hoc|iPhone.ActiveCfg = Debug|x86
		{5445DDCF-9739-41DC-897F-5EBFD56A0739}.Ad-Hoc|iPhone.Build.0 = Debug|x86
		{5445DDCF-9739-41DC-897F-5EBFD56A0739}.Ad-Hoc|iPhone.Deploy.0 = Debug|x86
		{5445DDCF-9739-41DC-897F-5EBFD56A0739}.Ad-Hoc|iPhoneSimulator.ActiveCfg = Debug|x86
		{5445DDCF-9739-41DC-897F-5EBFD56A0739}.Ad-Hoc|iPhoneSimulator.Build.0 = Debug|x86
		{5445DDCF-9739-41DC-897F-5EBFD56A0739}.Ad-Hoc|iPhoneSimulator.Deploy.0 = Debug|x86
		{5445DDCF-9739-41DC-897F-5EBFD56A0739}.Ad-Hoc|x64.ActiveCfg = Debug|x64
		{5445DDCF-9739-41DC-897F-5EBFD56A0739}.Ad-Hoc|x64.Build.0 = Debug|x64
		{5445DDCF-9739-41DC-897F-5EBFD56A0739}.Ad-Hoc|x64.Deploy.0 = Debug|x64
		{5445DDCF-9739-41DC-897F-5EBFD56A0739}.Ad-Hoc|x86.ActiveCfg = Debug|x86
		{5445DDCF-9739-41DC-897F-5EBFD56A0739}.Ad-Hoc|x86.Build.0 = Debug|x86
		{5445DDCF-9739-41DC-897F-5EBFD56A0739}.Ad-Hoc|x86.Deploy.0 = Debug|x86
		{5445DDCF-9739-41DC-897F-5EBFD56A0739}.AppStore|Any CPU.ActiveCfg = Debug|x86
		{5445DDCF-9739-41DC-897F-5EBFD56A0739}.AppStore|Any CPU.Build.0 = Debug|x86
		{5445DDCF-9739-41DC-897F-5EBFD56A0739}.AppStore|Any CPU.Deploy.0 = Debug|x86
		{5445DDCF-9739-41DC-897F-5EBFD56A0739}.AppStore|ARM.ActiveCfg = Debug|ARM
		{5445DDCF-9739-41DC-897F-5EBFD56A0739}.AppStore|ARM.Build.0 = Debug|ARM
		{5445DDCF-9739-41DC-897F-5EBFD56A0739}.AppStore|ARM.Deploy.0 = Debug|ARM
		{5445DDCF-9739-41DC-897F-5EBFD56A0739}.AppStore|ARM64.ActiveCfg = Debug|ARM64
		{5445DDCF-9739-41DC-897F-5EBFD56A0739}.AppStore|ARM64.Build.0 = Debug|ARM64
		{5445DDCF-9739-41DC-897F-5EBFD56A0739}.AppStore|ARM64.Deploy.0 = Debug|ARM64
		{5445DDCF-9739-41DC-897F-5EBFD56A0739}.AppStore|iPhone.ActiveCfg = Debug|x86
		{5445DDCF-9739-41DC-897F-5EBFD56A0739}.AppStore|iPhone.Build.0 = Debug|x86
		{5445DDCF-9739-41DC-897F-5EBFD56A0739}.AppStore|iPhone.Deploy.0 = Debug|x86
		{5445DDCF-9739-41DC-897F-5EBFD56A0739}.AppStore|iPhoneSimulator.ActiveCfg = Debug|x86
		{5445DDCF-9739-41DC-897F-5EBFD56A0739}.AppStore|iPhoneSimulator.Build.0 = Debug|x86
		{5445DDCF-9739-41DC-897F-5EBFD56A0739}.AppStore|iPhoneSimulator.Deploy.0 = Debug|x86
		{5445DDCF-9739-41DC-897F-5EBFD56A0739}.AppStore|x64.ActiveCfg = Debug|x64
		{5445DDCF-9739-41DC-897F-5EBFD56A0739}.AppStore|x64.Build.0 = Debug|x64
		{5445DDCF-9739-41DC-897F-5EBFD56A0739}.AppStore|x64.Deploy.0 = Debug|x64
		{5445DDCF-9739-41DC-897F-5EBFD56A0739}.AppStore|x86.ActiveCfg = Debug|x86
		{5445DDCF-9739-41DC-897F-5EBFD56A0739}.AppStore|x86.Build.0 = Debug|x86
		{5445DDCF-9739-41DC-897F-5EBFD56A0739}.AppStore|x86.Deploy.0 = Debug|x86
		{5445DDCF-9739-41DC-897F-5EBFD56A0739}.Debug|Any CPU.ActiveCfg = Debug|x86
		{5445DDCF-9739-41DC-897F-5EBFD56A0739}.Debug|Any CPU.Build.0 = Debug|x86
		{5445DDCF-9739-41DC-897F-5EBFD56A0739}.Debug|Any CPU.Deploy.0 = Debug|x86
		{5445DDCF-9739-41DC-897F-5EBFD56A0739}.Debug|ARM.ActiveCfg = Debug|ARM
		{5445DDCF-9739-41DC-897F-5EBFD56A0739}.Debug|ARM.Build.0 = Debug|ARM
		{5445DDCF-9739-41DC-897F-5EBFD56A0739}.Debug|ARM.Deploy.0 = Debug|ARM
		{5445DDCF-9739-41DC-897F-5EBFD56A0739}.Debug|ARM64.ActiveCfg = Debug|ARM64
		{5445DDCF-9739-41DC-897F-5EBFD56A0739}.Debug|ARM64.Build.0 = Debug|ARM64
		{5445DDCF-9739-41DC-897F-5EBFD56A0739}.Debug|ARM64.Deploy.0 = Debug|ARM64
		{5445DDCF-9739-41DC-897F-5EBFD56A0739}.Debug|iPhone.ActiveCfg = Debug|x86
		{5445DDCF-9739-41DC-897F-5EBFD56A0739}.Debug|iPhoneSimulator.ActiveCfg = Debug|x86
		{5445DDCF-9739-41DC-897F-5EBFD56A0739}.Debug|x64.ActiveCfg = Debug|x64
		{5445DDCF-9739-41DC-897F-5EBFD56A0739}.Debug|x64.Build.0 = Debug|x64
		{5445DDCF-9739-41DC-897F-5EBFD56A0739}.Debug|x64.Deploy.0 = Debug|x64
		{5445DDCF-9739-41DC-897F-5EBFD56A0739}.Debug|x86.ActiveCfg = Debug|x86
		{5445DDCF-9739-41DC-897F-5EBFD56A0739}.Debug|x86.Build.0 = Debug|x86
		{5445DDCF-9739-41DC-897F-5EBFD56A0739}.Debug|x86.Deploy.0 = Debug|x86
		{5445DDCF-9739-41DC-897F-5EBFD56A0739}.Release|Any CPU.ActiveCfg = Release|x86
		{5445DDCF-9739-41DC-897F-5EBFD56A0739}.Release|ARM.ActiveCfg = Release|ARM
		{5445DDCF-9739-41DC-897F-5EBFD56A0739}.Release|ARM.Build.0 = Release|ARM
		{5445DDCF-9739-41DC-897F-5EBFD56A0739}.Release|ARM.Deploy.0 = Release|ARM
		{5445DDCF-9739-41DC-897F-5EBFD56A0739}.Release|ARM64.ActiveCfg = Release|ARM64
		{5445DDCF-9739-41DC-897F-5EBFD56A0739}.Release|ARM64.Build.0 = Release|ARM64
		{5445DDCF-9739-41DC-897F-5EBFD56A0739}.Release|ARM64.Deploy.0 = Release|ARM64
		{5445DDCF-9739-41DC-897F-5EBFD56A0739}.Release|iPhone.ActiveCfg = Release|x86
		{5445DDCF-9739-41DC-897F-5EBFD56A0739}.Release|iPhoneSimulator.ActiveCfg = Release|x86
		{5445DDCF-9739-41DC-897F-5EBFD56A0739}.Release|x64.ActiveCfg = Release|x64
		{5445DDCF-9739-41DC-897F-5EBFD56A0739}.Release|x64.Build.0 = Release|x64
		{5445DDCF-9739-41DC-897F-5EBFD56A0739}.Release|x64.Deploy.0 = Release|x64
		{5445DDCF-9739-41DC-897F-5EBFD56A0739}.Release|x86.ActiveCfg = Release|x86
		{5445DDCF-9739-41DC-897F-5EBFD56A0739}.Release|x86.Build.0 = Release|x86
		{5445DDCF-9739-41DC-897F-5EBFD56A0739}.Release|x86.Deploy.0 = Release|x86
		{DB6AF4AC-69C1-404A-A4AA-2987CD43CA56}.Ad-Hoc|Any CPU.ActiveCfg = Debug|Any CPU
		{DB6AF4AC-69C1-404A-A4AA-2987CD43CA56}.Ad-Hoc|Any CPU.Build.0 = Debug|Any CPU
		{DB6AF4AC-69C1-404A-A4AA-2987CD43CA56}.Ad-Hoc|ARM.ActiveCfg = Debug|Any CPU
		{DB6AF4AC-69C1-404A-A4AA-2987CD43CA56}.Ad-Hoc|ARM.Build.0 = Debug|Any CPU
		{DB6AF4AC-69C1-404A-A4AA-2987CD43CA56}.Ad-Hoc|ARM64.ActiveCfg = Debug|Any CPU
		{DB6AF4AC-69C1-404A-A4AA-2987CD43CA56}.Ad-Hoc|ARM64.Build.0 = Debug|Any CPU
		{DB6AF4AC-69C1-404A-A4AA-2987CD43CA56}.Ad-Hoc|iPhone.ActiveCfg = Debug|Any CPU
		{DB6AF4AC-69C1-404A-A4AA-2987CD43CA56}.Ad-Hoc|iPhone.Build.0 = Debug|Any CPU
		{DB6AF4AC-69C1-404A-A4AA-2987CD43CA56}.Ad-Hoc|iPhoneSimulator.ActiveCfg = Debug|Any CPU
		{DB6AF4AC-69C1-404A-A4AA-2987CD43CA56}.Ad-Hoc|iPhoneSimulator.Build.0 = Debug|Any CPU
		{DB6AF4AC-69C1-404A-A4AA-2987CD43CA56}.Ad-Hoc|x64.ActiveCfg = Debug|Any CPU
		{DB6AF4AC-69C1-404A-A4AA-2987CD43CA56}.Ad-Hoc|x64.Build.0 = Debug|Any CPU
		{DB6AF4AC-69C1-404A-A4AA-2987CD43CA56}.Ad-Hoc|x86.ActiveCfg = Debug|Any CPU
		{DB6AF4AC-69C1-404A-A4AA-2987CD43CA56}.Ad-Hoc|x86.Build.0 = Debug|Any CPU
		{DB6AF4AC-69C1-404A-A4AA-2987CD43CA56}.AppStore|Any CPU.ActiveCfg = Debug|Any CPU
		{DB6AF4AC-69C1-404A-A4AA-2987CD43CA56}.AppStore|Any CPU.Build.0 = Debug|Any CPU
		{DB6AF4AC-69C1-404A-A4AA-2987CD43CA56}.AppStore|ARM.ActiveCfg = Debug|Any CPU
		{DB6AF4AC-69C1-404A-A4AA-2987CD43CA56}.AppStore|ARM.Build.0 = Debug|Any CPU
		{DB6AF4AC-69C1-404A-A4AA-2987CD43CA56}.AppStore|ARM64.ActiveCfg = Debug|Any CPU
		{DB6AF4AC-69C1-404A-A4AA-2987CD43CA56}.AppStore|ARM64.Build.0 = Debug|Any CPU
		{DB6AF4AC-69C1-404A-A4AA-2987CD43CA56}.AppStore|iPhone.ActiveCfg = Debug|Any CPU
		{DB6AF4AC-69C1-404A-A4AA-2987CD43CA56}.AppStore|iPhone.Build.0 = Debug|Any CPU
		{DB6AF4AC-69C1-404A-A4AA-2987CD43CA56}.AppStore|iPhoneSimulator.ActiveCfg = Debug|Any CPU
		{DB6AF4AC-69C1-404A-A4AA-2987CD43CA56}.AppStore|iPhoneSimulator.Build.0 = Debug|Any CPU
		{DB6AF4AC-69C1-404A-A4AA-2987CD43CA56}.AppStore|x64.ActiveCfg = Debug|Any CPU
		{DB6AF4AC-69C1-404A-A4AA-2987CD43CA56}.AppStore|x64.Build.0 = Debug|Any CPU
		{DB6AF4AC-69C1-404A-A4AA-2987CD43CA56}.AppStore|x86.ActiveCfg = Debug|Any CPU
		{DB6AF4AC-69C1-404A-A4AA-2987CD43CA56}.AppStore|x86.Build.0 = Debug|Any CPU
		{DB6AF4AC-69C1-404A-A4AA-2987CD43CA56}.Debug|Any CPU.ActiveCfg = Debug|Any CPU
		{DB6AF4AC-69C1-404A-A4AA-2987CD43CA56}.Debug|Any CPU.Build.0 = Debug|Any CPU
		{DB6AF4AC-69C1-404A-A4AA-2987CD43CA56}.Debug|ARM.ActiveCfg = Debug|Any CPU
		{DB6AF4AC-69C1-404A-A4AA-2987CD43CA56}.Debug|ARM.Build.0 = Debug|Any CPU
		{DB6AF4AC-69C1-404A-A4AA-2987CD43CA56}.Debug|ARM64.ActiveCfg = Debug|Any CPU
		{DB6AF4AC-69C1-404A-A4AA-2987CD43CA56}.Debug|ARM64.Build.0 = Debug|Any CPU
		{DB6AF4AC-69C1-404A-A4AA-2987CD43CA56}.Debug|iPhone.ActiveCfg = Debug|Any CPU
		{DB6AF4AC-69C1-404A-A4AA-2987CD43CA56}.Debug|iPhone.Build.0 = Debug|Any CPU
		{DB6AF4AC-69C1-404A-A4AA-2987CD43CA56}.Debug|iPhoneSimulator.ActiveCfg = Debug|Any CPU
		{DB6AF4AC-69C1-404A-A4AA-2987CD43CA56}.Debug|iPhoneSimulator.Build.0 = Debug|Any CPU
		{DB6AF4AC-69C1-404A-A4AA-2987CD43CA56}.Debug|x64.ActiveCfg = Debug|Any CPU
		{DB6AF4AC-69C1-404A-A4AA-2987CD43CA56}.Debug|x64.Build.0 = Debug|Any CPU
		{DB6AF4AC-69C1-404A-A4AA-2987CD43CA56}.Debug|x86.ActiveCfg = Debug|Any CPU
		{DB6AF4AC-69C1-404A-A4AA-2987CD43CA56}.Debug|x86.Build.0 = Debug|Any CPU
		{DB6AF4AC-69C1-404A-A4AA-2987CD43CA56}.Release|Any CPU.ActiveCfg = Release|Any CPU
		{DB6AF4AC-69C1-404A-A4AA-2987CD43CA56}.Release|Any CPU.Build.0 = Release|Any CPU
		{DB6AF4AC-69C1-404A-A4AA-2987CD43CA56}.Release|ARM.ActiveCfg = Release|Any CPU
		{DB6AF4AC-69C1-404A-A4AA-2987CD43CA56}.Release|ARM.Build.0 = Release|Any CPU
		{DB6AF4AC-69C1-404A-A4AA-2987CD43CA56}.Release|ARM64.ActiveCfg = Release|Any CPU
		{DB6AF4AC-69C1-404A-A4AA-2987CD43CA56}.Release|ARM64.Build.0 = Release|Any CPU
		{DB6AF4AC-69C1-404A-A4AA-2987CD43CA56}.Release|iPhone.ActiveCfg = Release|Any CPU
		{DB6AF4AC-69C1-404A-A4AA-2987CD43CA56}.Release|iPhone.Build.0 = Release|Any CPU
		{DB6AF4AC-69C1-404A-A4AA-2987CD43CA56}.Release|iPhoneSimulator.ActiveCfg = Release|Any CPU
		{DB6AF4AC-69C1-404A-A4AA-2987CD43CA56}.Release|iPhoneSimulator.Build.0 = Release|Any CPU
		{DB6AF4AC-69C1-404A-A4AA-2987CD43CA56}.Release|x64.ActiveCfg = Release|Any CPU
		{DB6AF4AC-69C1-404A-A4AA-2987CD43CA56}.Release|x64.Build.0 = Release|Any CPU
		{DB6AF4AC-69C1-404A-A4AA-2987CD43CA56}.Release|x86.ActiveCfg = Release|Any CPU
		{DB6AF4AC-69C1-404A-A4AA-2987CD43CA56}.Release|x86.Build.0 = Release|Any CPU
		{21BAD8EA-38ED-45A2-A4E5-3ABC9BEF1AF1}.Ad-Hoc|Any CPU.ActiveCfg = Debug|iPhoneSimulator
		{21BAD8EA-38ED-45A2-A4E5-3ABC9BEF1AF1}.Ad-Hoc|Any CPU.Build.0 = Debug|iPhoneSimulator
		{21BAD8EA-38ED-45A2-A4E5-3ABC9BEF1AF1}.Ad-Hoc|ARM.ActiveCfg = Debug|iPhoneSimulator
		{21BAD8EA-38ED-45A2-A4E5-3ABC9BEF1AF1}.Ad-Hoc|ARM.Build.0 = Debug|iPhoneSimulator
		{21BAD8EA-38ED-45A2-A4E5-3ABC9BEF1AF1}.Ad-Hoc|ARM64.ActiveCfg = Debug|iPhoneSimulator
		{21BAD8EA-38ED-45A2-A4E5-3ABC9BEF1AF1}.Ad-Hoc|ARM64.Build.0 = Debug|iPhoneSimulator
		{21BAD8EA-38ED-45A2-A4E5-3ABC9BEF1AF1}.Ad-Hoc|iPhone.ActiveCfg = Debug|iPhoneSimulator
		{21BAD8EA-38ED-45A2-A4E5-3ABC9BEF1AF1}.Ad-Hoc|iPhone.Build.0 = Debug|iPhoneSimulator
		{21BAD8EA-38ED-45A2-A4E5-3ABC9BEF1AF1}.Ad-Hoc|iPhoneSimulator.ActiveCfg = Debug|iPhoneSimulator
		{21BAD8EA-38ED-45A2-A4E5-3ABC9BEF1AF1}.Ad-Hoc|iPhoneSimulator.Build.0 = Debug|iPhoneSimulator
		{21BAD8EA-38ED-45A2-A4E5-3ABC9BEF1AF1}.Ad-Hoc|x64.ActiveCfg = Debug|iPhoneSimulator
		{21BAD8EA-38ED-45A2-A4E5-3ABC9BEF1AF1}.Ad-Hoc|x64.Build.0 = Debug|iPhoneSimulator
		{21BAD8EA-38ED-45A2-A4E5-3ABC9BEF1AF1}.Ad-Hoc|x86.ActiveCfg = Debug|iPhoneSimulator
		{21BAD8EA-38ED-45A2-A4E5-3ABC9BEF1AF1}.Ad-Hoc|x86.Build.0 = Debug|iPhoneSimulator
		{21BAD8EA-38ED-45A2-A4E5-3ABC9BEF1AF1}.AppStore|Any CPU.ActiveCfg = Debug|iPhoneSimulator
		{21BAD8EA-38ED-45A2-A4E5-3ABC9BEF1AF1}.AppStore|Any CPU.Build.0 = Debug|iPhoneSimulator
		{21BAD8EA-38ED-45A2-A4E5-3ABC9BEF1AF1}.AppStore|ARM.ActiveCfg = Debug|iPhoneSimulator
		{21BAD8EA-38ED-45A2-A4E5-3ABC9BEF1AF1}.AppStore|ARM.Build.0 = Debug|iPhoneSimulator
		{21BAD8EA-38ED-45A2-A4E5-3ABC9BEF1AF1}.AppStore|ARM64.ActiveCfg = Debug|iPhoneSimulator
		{21BAD8EA-38ED-45A2-A4E5-3ABC9BEF1AF1}.AppStore|ARM64.Build.0 = Debug|iPhoneSimulator
		{21BAD8EA-38ED-45A2-A4E5-3ABC9BEF1AF1}.AppStore|iPhone.ActiveCfg = Debug|iPhoneSimulator
		{21BAD8EA-38ED-45A2-A4E5-3ABC9BEF1AF1}.AppStore|iPhone.Build.0 = Debug|iPhoneSimulator
		{21BAD8EA-38ED-45A2-A4E5-3ABC9BEF1AF1}.AppStore|iPhoneSimulator.ActiveCfg = Debug|iPhoneSimulator
		{21BAD8EA-38ED-45A2-A4E5-3ABC9BEF1AF1}.AppStore|iPhoneSimulator.Build.0 = Debug|iPhoneSimulator
		{21BAD8EA-38ED-45A2-A4E5-3ABC9BEF1AF1}.AppStore|x64.ActiveCfg = Debug|iPhoneSimulator
		{21BAD8EA-38ED-45A2-A4E5-3ABC9BEF1AF1}.AppStore|x64.Build.0 = Debug|iPhoneSimulator
		{21BAD8EA-38ED-45A2-A4E5-3ABC9BEF1AF1}.AppStore|x86.ActiveCfg = Debug|iPhoneSimulator
		{21BAD8EA-38ED-45A2-A4E5-3ABC9BEF1AF1}.AppStore|x86.Build.0 = Debug|iPhoneSimulator
		{21BAD8EA-38ED-45A2-A4E5-3ABC9BEF1AF1}.Debug|Any CPU.ActiveCfg = Debug|iPhoneSimulator
		{21BAD8EA-38ED-45A2-A4E5-3ABC9BEF1AF1}.Debug|ARM.ActiveCfg = Debug|iPhoneSimulator
		{21BAD8EA-38ED-45A2-A4E5-3ABC9BEF1AF1}.Debug|ARM64.ActiveCfg = Debug|iPhoneSimulator
		{21BAD8EA-38ED-45A2-A4E5-3ABC9BEF1AF1}.Debug|iPhone.ActiveCfg = Debug|iPhoneSimulator
		{21BAD8EA-38ED-45A2-A4E5-3ABC9BEF1AF1}.Debug|iPhoneSimulator.ActiveCfg = Debug|iPhoneSimulator
		{21BAD8EA-38ED-45A2-A4E5-3ABC9BEF1AF1}.Debug|iPhoneSimulator.Build.0 = Debug|iPhoneSimulator
		{21BAD8EA-38ED-45A2-A4E5-3ABC9BEF1AF1}.Debug|x64.ActiveCfg = Debug|iPhoneSimulator
		{21BAD8EA-38ED-45A2-A4E5-3ABC9BEF1AF1}.Debug|x86.ActiveCfg = Debug|iPhoneSimulator
		{21BAD8EA-38ED-45A2-A4E5-3ABC9BEF1AF1}.Release|Any CPU.ActiveCfg = Release|iPhoneSimulator
		{21BAD8EA-38ED-45A2-A4E5-3ABC9BEF1AF1}.Release|ARM.ActiveCfg = Release|iPhoneSimulator
		{21BAD8EA-38ED-45A2-A4E5-3ABC9BEF1AF1}.Release|ARM64.ActiveCfg = Release|iPhoneSimulator
		{21BAD8EA-38ED-45A2-A4E5-3ABC9BEF1AF1}.Release|iPhone.ActiveCfg = Release|iPhoneSimulator
		{21BAD8EA-38ED-45A2-A4E5-3ABC9BEF1AF1}.Release|iPhoneSimulator.ActiveCfg = Release|iPhoneSimulator
		{21BAD8EA-38ED-45A2-A4E5-3ABC9BEF1AF1}.Release|iPhoneSimulator.Build.0 = Release|iPhoneSimulator
		{21BAD8EA-38ED-45A2-A4E5-3ABC9BEF1AF1}.Release|x64.ActiveCfg = Release|iPhoneSimulator
		{21BAD8EA-38ED-45A2-A4E5-3ABC9BEF1AF1}.Release|x86.ActiveCfg = Release|iPhoneSimulator
		{2FD67BCB-0C4F-4902-8B46-9197F39C2FFE}.Ad-Hoc|Any CPU.ActiveCfg = Debug|Any CPU
		{2FD67BCB-0C4F-4902-8B46-9197F39C2FFE}.Ad-Hoc|Any CPU.Build.0 = Debug|Any CPU
		{2FD67BCB-0C4F-4902-8B46-9197F39C2FFE}.Ad-Hoc|ARM.ActiveCfg = Debug|Any CPU
		{2FD67BCB-0C4F-4902-8B46-9197F39C2FFE}.Ad-Hoc|ARM.Build.0 = Debug|Any CPU
		{2FD67BCB-0C4F-4902-8B46-9197F39C2FFE}.Ad-Hoc|ARM64.ActiveCfg = Debug|Any CPU
		{2FD67BCB-0C4F-4902-8B46-9197F39C2FFE}.Ad-Hoc|ARM64.Build.0 = Debug|Any CPU
		{2FD67BCB-0C4F-4902-8B46-9197F39C2FFE}.Ad-Hoc|iPhone.ActiveCfg = Debug|Any CPU
		{2FD67BCB-0C4F-4902-8B46-9197F39C2FFE}.Ad-Hoc|iPhone.Build.0 = Debug|Any CPU
		{2FD67BCB-0C4F-4902-8B46-9197F39C2FFE}.Ad-Hoc|iPhoneSimulator.ActiveCfg = Debug|Any CPU
		{2FD67BCB-0C4F-4902-8B46-9197F39C2FFE}.Ad-Hoc|iPhoneSimulator.Build.0 = Debug|Any CPU
		{2FD67BCB-0C4F-4902-8B46-9197F39C2FFE}.Ad-Hoc|x64.ActiveCfg = Debug|Any CPU
		{2FD67BCB-0C4F-4902-8B46-9197F39C2FFE}.Ad-Hoc|x64.Build.0 = Debug|Any CPU
		{2FD67BCB-0C4F-4902-8B46-9197F39C2FFE}.Ad-Hoc|x86.ActiveCfg = Debug|Any CPU
		{2FD67BCB-0C4F-4902-8B46-9197F39C2FFE}.Ad-Hoc|x86.Build.0 = Debug|Any CPU
		{2FD67BCB-0C4F-4902-8B46-9197F39C2FFE}.AppStore|Any CPU.ActiveCfg = Debug|Any CPU
		{2FD67BCB-0C4F-4902-8B46-9197F39C2FFE}.AppStore|Any CPU.Build.0 = Debug|Any CPU
		{2FD67BCB-0C4F-4902-8B46-9197F39C2FFE}.AppStore|ARM.ActiveCfg = Debug|Any CPU
		{2FD67BCB-0C4F-4902-8B46-9197F39C2FFE}.AppStore|ARM.Build.0 = Debug|Any CPU
		{2FD67BCB-0C4F-4902-8B46-9197F39C2FFE}.AppStore|ARM64.ActiveCfg = Debug|Any CPU
		{2FD67BCB-0C4F-4902-8B46-9197F39C2FFE}.AppStore|ARM64.Build.0 = Debug|Any CPU
		{2FD67BCB-0C4F-4902-8B46-9197F39C2FFE}.AppStore|iPhone.ActiveCfg = Debug|Any CPU
		{2FD67BCB-0C4F-4902-8B46-9197F39C2FFE}.AppStore|iPhone.Build.0 = Debug|Any CPU
		{2FD67BCB-0C4F-4902-8B46-9197F39C2FFE}.AppStore|iPhoneSimulator.ActiveCfg = Debug|Any CPU
		{2FD67BCB-0C4F-4902-8B46-9197F39C2FFE}.AppStore|iPhoneSimulator.Build.0 = Debug|Any CPU
		{2FD67BCB-0C4F-4902-8B46-9197F39C2FFE}.AppStore|x64.ActiveCfg = Debug|Any CPU
		{2FD67BCB-0C4F-4902-8B46-9197F39C2FFE}.AppStore|x64.Build.0 = Debug|Any CPU
		{2FD67BCB-0C4F-4902-8B46-9197F39C2FFE}.AppStore|x86.ActiveCfg = Debug|Any CPU
		{2FD67BCB-0C4F-4902-8B46-9197F39C2FFE}.AppStore|x86.Build.0 = Debug|Any CPU
		{2FD67BCB-0C4F-4902-8B46-9197F39C2FFE}.Debug|Any CPU.ActiveCfg = Debug|Any CPU
		{2FD67BCB-0C4F-4902-8B46-9197F39C2FFE}.Debug|Any CPU.Build.0 = Debug|Any CPU
		{2FD67BCB-0C4F-4902-8B46-9197F39C2FFE}.Debug|ARM.ActiveCfg = Debug|Any CPU
		{2FD67BCB-0C4F-4902-8B46-9197F39C2FFE}.Debug|ARM.Build.0 = Debug|Any CPU
		{2FD67BCB-0C4F-4902-8B46-9197F39C2FFE}.Debug|ARM64.ActiveCfg = Debug|Any CPU
		{2FD67BCB-0C4F-4902-8B46-9197F39C2FFE}.Debug|ARM64.Build.0 = Debug|Any CPU
		{2FD67BCB-0C4F-4902-8B46-9197F39C2FFE}.Debug|iPhone.ActiveCfg = Debug|Any CPU
		{2FD67BCB-0C4F-4902-8B46-9197F39C2FFE}.Debug|iPhone.Build.0 = Debug|Any CPU
		{2FD67BCB-0C4F-4902-8B46-9197F39C2FFE}.Debug|iPhoneSimulator.ActiveCfg = Debug|Any CPU
		{2FD67BCB-0C4F-4902-8B46-9197F39C2FFE}.Debug|iPhoneSimulator.Build.0 = Debug|Any CPU
		{2FD67BCB-0C4F-4902-8B46-9197F39C2FFE}.Debug|x64.ActiveCfg = Debug|Any CPU
		{2FD67BCB-0C4F-4902-8B46-9197F39C2FFE}.Debug|x64.Build.0 = Debug|Any CPU
		{2FD67BCB-0C4F-4902-8B46-9197F39C2FFE}.Debug|x86.ActiveCfg = Debug|Any CPU
		{2FD67BCB-0C4F-4902-8B46-9197F39C2FFE}.Debug|x86.Build.0 = Debug|Any CPU
		{2FD67BCB-0C4F-4902-8B46-9197F39C2FFE}.Release|Any CPU.ActiveCfg = Release|Any CPU
		{2FD67BCB-0C4F-4902-8B46-9197F39C2FFE}.Release|Any CPU.Build.0 = Release|Any CPU
		{2FD67BCB-0C4F-4902-8B46-9197F39C2FFE}.Release|ARM.ActiveCfg = Release|Any CPU
		{2FD67BCB-0C4F-4902-8B46-9197F39C2FFE}.Release|ARM.Build.0 = Release|Any CPU
		{2FD67BCB-0C4F-4902-8B46-9197F39C2FFE}.Release|ARM64.ActiveCfg = Release|Any CPU
		{2FD67BCB-0C4F-4902-8B46-9197F39C2FFE}.Release|ARM64.Build.0 = Release|Any CPU
		{2FD67BCB-0C4F-4902-8B46-9197F39C2FFE}.Release|iPhone.ActiveCfg = Release|Any CPU
		{2FD67BCB-0C4F-4902-8B46-9197F39C2FFE}.Release|iPhone.Build.0 = Release|Any CPU
		{2FD67BCB-0C4F-4902-8B46-9197F39C2FFE}.Release|iPhoneSimulator.ActiveCfg = Release|Any CPU
		{2FD67BCB-0C4F-4902-8B46-9197F39C2FFE}.Release|iPhoneSimulator.Build.0 = Release|Any CPU
		{2FD67BCB-0C4F-4902-8B46-9197F39C2FFE}.Release|x64.ActiveCfg = Release|Any CPU
		{2FD67BCB-0C4F-4902-8B46-9197F39C2FFE}.Release|x64.Build.0 = Release|Any CPU
		{2FD67BCB-0C4F-4902-8B46-9197F39C2FFE}.Release|x86.ActiveCfg = Release|Any CPU
		{2FD67BCB-0C4F-4902-8B46-9197F39C2FFE}.Release|x86.Build.0 = Release|Any CPU
		{A99B3DE7-4FB3-41FF-A827-EE02BC1B1CE2}.Ad-Hoc|Any CPU.ActiveCfg = Debug|Any CPU
		{A99B3DE7-4FB3-41FF-A827-EE02BC1B1CE2}.Ad-Hoc|Any CPU.Build.0 = Debug|Any CPU
		{A99B3DE7-4FB3-41FF-A827-EE02BC1B1CE2}.Ad-Hoc|ARM.ActiveCfg = Debug|Any CPU
		{A99B3DE7-4FB3-41FF-A827-EE02BC1B1CE2}.Ad-Hoc|ARM.Build.0 = Debug|Any CPU
		{A99B3DE7-4FB3-41FF-A827-EE02BC1B1CE2}.Ad-Hoc|ARM64.ActiveCfg = Debug|Any CPU
		{A99B3DE7-4FB3-41FF-A827-EE02BC1B1CE2}.Ad-Hoc|ARM64.Build.0 = Debug|Any CPU
		{A99B3DE7-4FB3-41FF-A827-EE02BC1B1CE2}.Ad-Hoc|iPhone.ActiveCfg = Debug|Any CPU
		{A99B3DE7-4FB3-41FF-A827-EE02BC1B1CE2}.Ad-Hoc|iPhone.Build.0 = Debug|Any CPU
		{A99B3DE7-4FB3-41FF-A827-EE02BC1B1CE2}.Ad-Hoc|iPhoneSimulator.ActiveCfg = Debug|Any CPU
		{A99B3DE7-4FB3-41FF-A827-EE02BC1B1CE2}.Ad-Hoc|iPhoneSimulator.Build.0 = Debug|Any CPU
		{A99B3DE7-4FB3-41FF-A827-EE02BC1B1CE2}.Ad-Hoc|x64.ActiveCfg = Debug|Any CPU
		{A99B3DE7-4FB3-41FF-A827-EE02BC1B1CE2}.Ad-Hoc|x64.Build.0 = Debug|Any CPU
		{A99B3DE7-4FB3-41FF-A827-EE02BC1B1CE2}.Ad-Hoc|x86.ActiveCfg = Debug|Any CPU
		{A99B3DE7-4FB3-41FF-A827-EE02BC1B1CE2}.Ad-Hoc|x86.Build.0 = Debug|Any CPU
		{A99B3DE7-4FB3-41FF-A827-EE02BC1B1CE2}.AppStore|Any CPU.ActiveCfg = Debug|Any CPU
		{A99B3DE7-4FB3-41FF-A827-EE02BC1B1CE2}.AppStore|Any CPU.Build.0 = Debug|Any CPU
		{A99B3DE7-4FB3-41FF-A827-EE02BC1B1CE2}.AppStore|ARM.ActiveCfg = Debug|Any CPU
		{A99B3DE7-4FB3-41FF-A827-EE02BC1B1CE2}.AppStore|ARM.Build.0 = Debug|Any CPU
		{A99B3DE7-4FB3-41FF-A827-EE02BC1B1CE2}.AppStore|ARM64.ActiveCfg = Debug|Any CPU
		{A99B3DE7-4FB3-41FF-A827-EE02BC1B1CE2}.AppStore|ARM64.Build.0 = Debug|Any CPU
		{A99B3DE7-4FB3-41FF-A827-EE02BC1B1CE2}.AppStore|iPhone.ActiveCfg = Debug|Any CPU
		{A99B3DE7-4FB3-41FF-A827-EE02BC1B1CE2}.AppStore|iPhone.Build.0 = Debug|Any CPU
		{A99B3DE7-4FB3-41FF-A827-EE02BC1B1CE2}.AppStore|iPhoneSimulator.ActiveCfg = Debug|Any CPU
		{A99B3DE7-4FB3-41FF-A827-EE02BC1B1CE2}.AppStore|iPhoneSimulator.Build.0 = Debug|Any CPU
		{A99B3DE7-4FB3-41FF-A827-EE02BC1B1CE2}.AppStore|x64.ActiveCfg = Debug|Any CPU
		{A99B3DE7-4FB3-41FF-A827-EE02BC1B1CE2}.AppStore|x64.Build.0 = Debug|Any CPU
		{A99B3DE7-4FB3-41FF-A827-EE02BC1B1CE2}.AppStore|x86.ActiveCfg = Debug|Any CPU
		{A99B3DE7-4FB3-41FF-A827-EE02BC1B1CE2}.AppStore|x86.Build.0 = Debug|Any CPU
		{A99B3DE7-4FB3-41FF-A827-EE02BC1B1CE2}.Debug|Any CPU.ActiveCfg = Debug|Any CPU
		{A99B3DE7-4FB3-41FF-A827-EE02BC1B1CE2}.Debug|Any CPU.Build.0 = Debug|Any CPU
		{A99B3DE7-4FB3-41FF-A827-EE02BC1B1CE2}.Debug|ARM.ActiveCfg = Debug|Any CPU
		{A99B3DE7-4FB3-41FF-A827-EE02BC1B1CE2}.Debug|ARM.Build.0 = Debug|Any CPU
		{A99B3DE7-4FB3-41FF-A827-EE02BC1B1CE2}.Debug|ARM64.ActiveCfg = Debug|Any CPU
		{A99B3DE7-4FB3-41FF-A827-EE02BC1B1CE2}.Debug|ARM64.Build.0 = Debug|Any CPU
		{A99B3DE7-4FB3-41FF-A827-EE02BC1B1CE2}.Debug|iPhone.ActiveCfg = Debug|Any CPU
		{A99B3DE7-4FB3-41FF-A827-EE02BC1B1CE2}.Debug|iPhone.Build.0 = Debug|Any CPU
		{A99B3DE7-4FB3-41FF-A827-EE02BC1B1CE2}.Debug|iPhoneSimulator.ActiveCfg = Debug|Any CPU
		{A99B3DE7-4FB3-41FF-A827-EE02BC1B1CE2}.Debug|iPhoneSimulator.Build.0 = Debug|Any CPU
		{A99B3DE7-4FB3-41FF-A827-EE02BC1B1CE2}.Debug|x64.ActiveCfg = Debug|Any CPU
		{A99B3DE7-4FB3-41FF-A827-EE02BC1B1CE2}.Debug|x64.Build.0 = Debug|Any CPU
		{A99B3DE7-4FB3-41FF-A827-EE02BC1B1CE2}.Debug|x86.ActiveCfg = Debug|Any CPU
		{A99B3DE7-4FB3-41FF-A827-EE02BC1B1CE2}.Debug|x86.Build.0 = Debug|Any CPU
		{A99B3DE7-4FB3-41FF-A827-EE02BC1B1CE2}.Release|Any CPU.ActiveCfg = Release|Any CPU
		{A99B3DE7-4FB3-41FF-A827-EE02BC1B1CE2}.Release|Any CPU.Build.0 = Release|Any CPU
		{A99B3DE7-4FB3-41FF-A827-EE02BC1B1CE2}.Release|ARM.ActiveCfg = Release|Any CPU
		{A99B3DE7-4FB3-41FF-A827-EE02BC1B1CE2}.Release|ARM.Build.0 = Release|Any CPU
		{A99B3DE7-4FB3-41FF-A827-EE02BC1B1CE2}.Release|ARM64.ActiveCfg = Release|Any CPU
		{A99B3DE7-4FB3-41FF-A827-EE02BC1B1CE2}.Release|ARM64.Build.0 = Release|Any CPU
		{A99B3DE7-4FB3-41FF-A827-EE02BC1B1CE2}.Release|iPhone.ActiveCfg = Release|Any CPU
		{A99B3DE7-4FB3-41FF-A827-EE02BC1B1CE2}.Release|iPhone.Build.0 = Release|Any CPU
		{A99B3DE7-4FB3-41FF-A827-EE02BC1B1CE2}.Release|iPhoneSimulator.ActiveCfg = Release|Any CPU
		{A99B3DE7-4FB3-41FF-A827-EE02BC1B1CE2}.Release|iPhoneSimulator.Build.0 = Release|Any CPU
		{A99B3DE7-4FB3-41FF-A827-EE02BC1B1CE2}.Release|x64.ActiveCfg = Release|Any CPU
		{A99B3DE7-4FB3-41FF-A827-EE02BC1B1CE2}.Release|x64.Build.0 = Release|Any CPU
		{A99B3DE7-4FB3-41FF-A827-EE02BC1B1CE2}.Release|x86.ActiveCfg = Release|Any CPU
		{A99B3DE7-4FB3-41FF-A827-EE02BC1B1CE2}.Release|x86.Build.0 = Release|Any CPU
		{A7EA85B4-E759-49BC-973B-56214BEC833F}.Ad-Hoc|Any CPU.ActiveCfg = Debug|Any CPU
		{A7EA85B4-E759-49BC-973B-56214BEC833F}.Ad-Hoc|Any CPU.Build.0 = Debug|Any CPU
		{A7EA85B4-E759-49BC-973B-56214BEC833F}.Ad-Hoc|ARM.ActiveCfg = Debug|Any CPU
		{A7EA85B4-E759-49BC-973B-56214BEC833F}.Ad-Hoc|ARM.Build.0 = Debug|Any CPU
		{A7EA85B4-E759-49BC-973B-56214BEC833F}.Ad-Hoc|ARM64.ActiveCfg = Debug|Any CPU
		{A7EA85B4-E759-49BC-973B-56214BEC833F}.Ad-Hoc|ARM64.Build.0 = Debug|Any CPU
		{A7EA85B4-E759-49BC-973B-56214BEC833F}.Ad-Hoc|iPhone.ActiveCfg = Debug|Any CPU
		{A7EA85B4-E759-49BC-973B-56214BEC833F}.Ad-Hoc|iPhone.Build.0 = Debug|Any CPU
		{A7EA85B4-E759-49BC-973B-56214BEC833F}.Ad-Hoc|iPhoneSimulator.ActiveCfg = Debug|Any CPU
		{A7EA85B4-E759-49BC-973B-56214BEC833F}.Ad-Hoc|iPhoneSimulator.Build.0 = Debug|Any CPU
		{A7EA85B4-E759-49BC-973B-56214BEC833F}.Ad-Hoc|x64.ActiveCfg = Debug|Any CPU
		{A7EA85B4-E759-49BC-973B-56214BEC833F}.Ad-Hoc|x64.Build.0 = Debug|Any CPU
		{A7EA85B4-E759-49BC-973B-56214BEC833F}.Ad-Hoc|x86.ActiveCfg = Debug|Any CPU
		{A7EA85B4-E759-49BC-973B-56214BEC833F}.Ad-Hoc|x86.Build.0 = Debug|Any CPU
		{A7EA85B4-E759-49BC-973B-56214BEC833F}.AppStore|Any CPU.ActiveCfg = Debug|Any CPU
		{A7EA85B4-E759-49BC-973B-56214BEC833F}.AppStore|Any CPU.Build.0 = Debug|Any CPU
		{A7EA85B4-E759-49BC-973B-56214BEC833F}.AppStore|ARM.ActiveCfg = Debug|Any CPU
		{A7EA85B4-E759-49BC-973B-56214BEC833F}.AppStore|ARM.Build.0 = Debug|Any CPU
		{A7EA85B4-E759-49BC-973B-56214BEC833F}.AppStore|ARM64.ActiveCfg = Debug|Any CPU
		{A7EA85B4-E759-49BC-973B-56214BEC833F}.AppStore|ARM64.Build.0 = Debug|Any CPU
		{A7EA85B4-E759-49BC-973B-56214BEC833F}.AppStore|iPhone.ActiveCfg = Debug|Any CPU
		{A7EA85B4-E759-49BC-973B-56214BEC833F}.AppStore|iPhone.Build.0 = Debug|Any CPU
		{A7EA85B4-E759-49BC-973B-56214BEC833F}.AppStore|iPhoneSimulator.ActiveCfg = Debug|Any CPU
		{A7EA85B4-E759-49BC-973B-56214BEC833F}.AppStore|iPhoneSimulator.Build.0 = Debug|Any CPU
		{A7EA85B4-E759-49BC-973B-56214BEC833F}.AppStore|x64.ActiveCfg = Debug|Any CPU
		{A7EA85B4-E759-49BC-973B-56214BEC833F}.AppStore|x64.Build.0 = Debug|Any CPU
		{A7EA85B4-E759-49BC-973B-56214BEC833F}.AppStore|x86.ActiveCfg = Debug|Any CPU
		{A7EA85B4-E759-49BC-973B-56214BEC833F}.AppStore|x86.Build.0 = Debug|Any CPU
		{A7EA85B4-E759-49BC-973B-56214BEC833F}.Debug|Any CPU.ActiveCfg = Debug|Any CPU
		{A7EA85B4-E759-49BC-973B-56214BEC833F}.Debug|Any CPU.Build.0 = Debug|Any CPU
		{A7EA85B4-E759-49BC-973B-56214BEC833F}.Debug|ARM.ActiveCfg = Debug|Any CPU
		{A7EA85B4-E759-49BC-973B-56214BEC833F}.Debug|ARM.Build.0 = Debug|Any CPU
		{A7EA85B4-E759-49BC-973B-56214BEC833F}.Debug|ARM64.ActiveCfg = Debug|Any CPU
		{A7EA85B4-E759-49BC-973B-56214BEC833F}.Debug|ARM64.Build.0 = Debug|Any CPU
		{A7EA85B4-E759-49BC-973B-56214BEC833F}.Debug|iPhone.ActiveCfg = Debug|Any CPU
		{A7EA85B4-E759-49BC-973B-56214BEC833F}.Debug|iPhone.Build.0 = Debug|Any CPU
		{A7EA85B4-E759-49BC-973B-56214BEC833F}.Debug|iPhoneSimulator.ActiveCfg = Debug|Any CPU
		{A7EA85B4-E759-49BC-973B-56214BEC833F}.Debug|iPhoneSimulator.Build.0 = Debug|Any CPU
		{A7EA85B4-E759-49BC-973B-56214BEC833F}.Debug|x64.ActiveCfg = Debug|Any CPU
		{A7EA85B4-E759-49BC-973B-56214BEC833F}.Debug|x64.Build.0 = Debug|Any CPU
		{A7EA85B4-E759-49BC-973B-56214BEC833F}.Debug|x86.ActiveCfg = Debug|Any CPU
		{A7EA85B4-E759-49BC-973B-56214BEC833F}.Debug|x86.Build.0 = Debug|Any CPU
		{A7EA85B4-E759-49BC-973B-56214BEC833F}.Release|Any CPU.ActiveCfg = Release|Any CPU
		{A7EA85B4-E759-49BC-973B-56214BEC833F}.Release|Any CPU.Build.0 = Release|Any CPU
		{A7EA85B4-E759-49BC-973B-56214BEC833F}.Release|ARM.ActiveCfg = Release|Any CPU
		{A7EA85B4-E759-49BC-973B-56214BEC833F}.Release|ARM.Build.0 = Release|Any CPU
		{A7EA85B4-E759-49BC-973B-56214BEC833F}.Release|ARM64.ActiveCfg = Release|Any CPU
		{A7EA85B4-E759-49BC-973B-56214BEC833F}.Release|ARM64.Build.0 = Release|Any CPU
		{A7EA85B4-E759-49BC-973B-56214BEC833F}.Release|iPhone.ActiveCfg = Release|Any CPU
		{A7EA85B4-E759-49BC-973B-56214BEC833F}.Release|iPhone.Build.0 = Release|Any CPU
		{A7EA85B4-E759-49BC-973B-56214BEC833F}.Release|iPhoneSimulator.ActiveCfg = Release|Any CPU
		{A7EA85B4-E759-49BC-973B-56214BEC833F}.Release|iPhoneSimulator.Build.0 = Release|Any CPU
		{A7EA85B4-E759-49BC-973B-56214BEC833F}.Release|x64.ActiveCfg = Release|Any CPU
		{A7EA85B4-E759-49BC-973B-56214BEC833F}.Release|x64.Build.0 = Release|Any CPU
		{A7EA85B4-E759-49BC-973B-56214BEC833F}.Release|x86.ActiveCfg = Release|Any CPU
		{A7EA85B4-E759-49BC-973B-56214BEC833F}.Release|x86.Build.0 = Release|Any CPU
		{FE1DF85E-FB3A-4555-86C7-14F6D840E6F8}.Ad-Hoc|Any CPU.ActiveCfg = Debug|Any CPU
		{FE1DF85E-FB3A-4555-86C7-14F6D840E6F8}.Ad-Hoc|Any CPU.Build.0 = Debug|Any CPU
		{FE1DF85E-FB3A-4555-86C7-14F6D840E6F8}.Ad-Hoc|ARM.ActiveCfg = Debug|Any CPU
		{FE1DF85E-FB3A-4555-86C7-14F6D840E6F8}.Ad-Hoc|ARM.Build.0 = Debug|Any CPU
		{FE1DF85E-FB3A-4555-86C7-14F6D840E6F8}.Ad-Hoc|ARM64.ActiveCfg = Debug|Any CPU
		{FE1DF85E-FB3A-4555-86C7-14F6D840E6F8}.Ad-Hoc|ARM64.Build.0 = Debug|Any CPU
		{FE1DF85E-FB3A-4555-86C7-14F6D840E6F8}.Ad-Hoc|iPhone.ActiveCfg = Debug|Any CPU
		{FE1DF85E-FB3A-4555-86C7-14F6D840E6F8}.Ad-Hoc|iPhone.Build.0 = Debug|Any CPU
		{FE1DF85E-FB3A-4555-86C7-14F6D840E6F8}.Ad-Hoc|iPhoneSimulator.ActiveCfg = Debug|Any CPU
		{FE1DF85E-FB3A-4555-86C7-14F6D840E6F8}.Ad-Hoc|iPhoneSimulator.Build.0 = Debug|Any CPU
		{FE1DF85E-FB3A-4555-86C7-14F6D840E6F8}.Ad-Hoc|x64.ActiveCfg = Debug|Any CPU
		{FE1DF85E-FB3A-4555-86C7-14F6D840E6F8}.Ad-Hoc|x64.Build.0 = Debug|Any CPU
		{FE1DF85E-FB3A-4555-86C7-14F6D840E6F8}.Ad-Hoc|x86.ActiveCfg = Debug|Any CPU
		{FE1DF85E-FB3A-4555-86C7-14F6D840E6F8}.Ad-Hoc|x86.Build.0 = Debug|Any CPU
		{FE1DF85E-FB3A-4555-86C7-14F6D840E6F8}.AppStore|Any CPU.ActiveCfg = Debug|Any CPU
		{FE1DF85E-FB3A-4555-86C7-14F6D840E6F8}.AppStore|Any CPU.Build.0 = Debug|Any CPU
		{FE1DF85E-FB3A-4555-86C7-14F6D840E6F8}.AppStore|ARM.ActiveCfg = Debug|Any CPU
		{FE1DF85E-FB3A-4555-86C7-14F6D840E6F8}.AppStore|ARM.Build.0 = Debug|Any CPU
		{FE1DF85E-FB3A-4555-86C7-14F6D840E6F8}.AppStore|ARM64.ActiveCfg = Debug|Any CPU
		{FE1DF85E-FB3A-4555-86C7-14F6D840E6F8}.AppStore|ARM64.Build.0 = Debug|Any CPU
		{FE1DF85E-FB3A-4555-86C7-14F6D840E6F8}.AppStore|iPhone.ActiveCfg = Debug|Any CPU
		{FE1DF85E-FB3A-4555-86C7-14F6D840E6F8}.AppStore|iPhone.Build.0 = Debug|Any CPU
		{FE1DF85E-FB3A-4555-86C7-14F6D840E6F8}.AppStore|iPhoneSimulator.ActiveCfg = Debug|Any CPU
		{FE1DF85E-FB3A-4555-86C7-14F6D840E6F8}.AppStore|iPhoneSimulator.Build.0 = Debug|Any CPU
		{FE1DF85E-FB3A-4555-86C7-14F6D840E6F8}.AppStore|x64.ActiveCfg = Debug|Any CPU
		{FE1DF85E-FB3A-4555-86C7-14F6D840E6F8}.AppStore|x64.Build.0 = Debug|Any CPU
		{FE1DF85E-FB3A-4555-86C7-14F6D840E6F8}.AppStore|x86.ActiveCfg = Debug|Any CPU
		{FE1DF85E-FB3A-4555-86C7-14F6D840E6F8}.AppStore|x86.Build.0 = Debug|Any CPU
		{FE1DF85E-FB3A-4555-86C7-14F6D840E6F8}.Debug|Any CPU.ActiveCfg = Debug|Any CPU
		{FE1DF85E-FB3A-4555-86C7-14F6D840E6F8}.Debug|Any CPU.Build.0 = Debug|Any CPU
		{FE1DF85E-FB3A-4555-86C7-14F6D840E6F8}.Debug|ARM.ActiveCfg = Debug|Any CPU
		{FE1DF85E-FB3A-4555-86C7-14F6D840E6F8}.Debug|ARM.Build.0 = Debug|Any CPU
		{FE1DF85E-FB3A-4555-86C7-14F6D840E6F8}.Debug|ARM64.ActiveCfg = Debug|Any CPU
		{FE1DF85E-FB3A-4555-86C7-14F6D840E6F8}.Debug|ARM64.Build.0 = Debug|Any CPU
		{FE1DF85E-FB3A-4555-86C7-14F6D840E6F8}.Debug|iPhone.ActiveCfg = Debug|Any CPU
		{FE1DF85E-FB3A-4555-86C7-14F6D840E6F8}.Debug|iPhone.Build.0 = Debug|Any CPU
		{FE1DF85E-FB3A-4555-86C7-14F6D840E6F8}.Debug|iPhoneSimulator.ActiveCfg = Debug|Any CPU
		{FE1DF85E-FB3A-4555-86C7-14F6D840E6F8}.Debug|iPhoneSimulator.Build.0 = Debug|Any CPU
		{FE1DF85E-FB3A-4555-86C7-14F6D840E6F8}.Debug|x64.ActiveCfg = Debug|Any CPU
		{FE1DF85E-FB3A-4555-86C7-14F6D840E6F8}.Debug|x64.Build.0 = Debug|Any CPU
		{FE1DF85E-FB3A-4555-86C7-14F6D840E6F8}.Debug|x86.ActiveCfg = Debug|Any CPU
		{FE1DF85E-FB3A-4555-86C7-14F6D840E6F8}.Debug|x86.Build.0 = Debug|Any CPU
		{FE1DF85E-FB3A-4555-86C7-14F6D840E6F8}.Release|Any CPU.ActiveCfg = Release|Any CPU
		{FE1DF85E-FB3A-4555-86C7-14F6D840E6F8}.Release|Any CPU.Build.0 = Release|Any CPU
		{FE1DF85E-FB3A-4555-86C7-14F6D840E6F8}.Release|ARM.ActiveCfg = Release|Any CPU
		{FE1DF85E-FB3A-4555-86C7-14F6D840E6F8}.Release|ARM.Build.0 = Release|Any CPU
		{FE1DF85E-FB3A-4555-86C7-14F6D840E6F8}.Release|ARM64.ActiveCfg = Release|Any CPU
		{FE1DF85E-FB3A-4555-86C7-14F6D840E6F8}.Release|ARM64.Build.0 = Release|Any CPU
		{FE1DF85E-FB3A-4555-86C7-14F6D840E6F8}.Release|iPhone.ActiveCfg = Release|Any CPU
		{FE1DF85E-FB3A-4555-86C7-14F6D840E6F8}.Release|iPhone.Build.0 = Release|Any CPU
		{FE1DF85E-FB3A-4555-86C7-14F6D840E6F8}.Release|iPhoneSimulator.ActiveCfg = Release|Any CPU
		{FE1DF85E-FB3A-4555-86C7-14F6D840E6F8}.Release|iPhoneSimulator.Build.0 = Release|Any CPU
		{FE1DF85E-FB3A-4555-86C7-14F6D840E6F8}.Release|x64.ActiveCfg = Release|Any CPU
		{FE1DF85E-FB3A-4555-86C7-14F6D840E6F8}.Release|x64.Build.0 = Release|Any CPU
		{FE1DF85E-FB3A-4555-86C7-14F6D840E6F8}.Release|x86.ActiveCfg = Release|Any CPU
		{FE1DF85E-FB3A-4555-86C7-14F6D840E6F8}.Release|x86.Build.0 = Release|Any CPU
	EndGlobalSection
	GlobalSection(SolutionProperties) = preSolution
		HideSolutionNode = FALSE
	EndGlobalSection
	GlobalSection(NestedProjects) = preSolution
		{47F8D9BC-1E49-48D6-A28E-36E07F40EC22} = {DFF1315A-B4DA-4A11-BF30-FA76B89C51E3}
		{A0EF60F0-4530-4D1A-B82B-501A93316CA7} = {DFF1315A-B4DA-4A11-BF30-FA76B89C51E3}
		{5445DDCF-9739-41DC-897F-5EBFD56A0739} = {DFF1315A-B4DA-4A11-BF30-FA76B89C51E3}
		{DB6AF4AC-69C1-404A-A4AA-2987CD43CA56} = {DFF1315A-B4DA-4A11-BF30-FA76B89C51E3}
		{21BAD8EA-38ED-45A2-A4E5-3ABC9BEF1AF1} = {DFF1315A-B4DA-4A11-BF30-FA76B89C51E3}
		{2FD67BCB-0C4F-4902-8B46-9197F39C2FFE} = {DFF1315A-B4DA-4A11-BF30-FA76B89C51E3}
		{A99B3DE7-4FB3-41FF-A827-EE02BC1B1CE2} = {DFF1315A-B4DA-4A11-BF30-FA76B89C51E3}
		{A7EA85B4-E759-49BC-973B-56214BEC833F} = {DFF1315A-B4DA-4A11-BF30-FA76B89C51E3}
		{FE1DF85E-FB3A-4555-86C7-14F6D840E6F8} = {DFF1315A-B4DA-4A11-BF30-FA76B89C51E3}
	EndGlobalSection
	GlobalSection(ExtensibilityGlobals) = postSolution
		SolutionGuid = {508C1A5F-2C21-4AAE-8E3C-59342A79CB05}
	EndGlobalSection
EndGlobal
